
Microsoft Visual Studio Solution File, Format Version 12.00
# Visual Studio Version 16
VisualStudioVersion = 16.0.28922.388
MinimumVisualStudioVersion = 10.0.40219.1
Project("{9A19103F-16F7-4668-BE54-9A1E7A4F7556}") = "ODat", "ODat.csproj", "{3C56497A-C01E-44CF-9757-A8494C1C728C}"
EndProject
Global
	GlobalSection(SolutionConfigurationPlatforms) = preSolution
		Debug|Any CPU = Debug|Any CPU
		Release|Any CPU = Release|Any CPU
	EndGlobalSection
	GlobalSection(ProjectConfigurationPlatforms) = postSolution
		{3C56497A-C01E-44CF-9757-A8494C1C728C}.Debug|Any CPU.ActiveCfg = Debug|Any CPU
		{3C56497A-C01E-44CF-9757-A8494C1C728C}.Debug|Any CPU.Build.0 = Debug|Any CPU
		{3C56497A-C01E-44CF-9757-A8494C1C728C}.Release|Any CPU.ActiveCfg = Release|Any CPU
		{3C56497A-C01E-44CF-9757-A8494C1C728C}.Release|Any CPU.Build.0 = Release|Any CPU
	EndGlobalSection
	GlobalSection(SolutionProperties) = preSolution
		HideSolutionNode = FALSE
	EndGlobalSection
	GlobalSection(ExtensibilityGlobals) = postSolution
		SolutionGuid = {E41A7411-58FB-4730-A3CE-E324446113D7}
	EndGlobalSection
EndGlobal
